<Solution>
  <Folder Name="/backend/">
    <Project Path="backend/VietAisHsk.Api/VietAisHsk.Api.csproj" />
    <Project Path="backend/VietAisHsk.Workers/VietAisHsk.Workers.csproj" />
  </Folder>
  <Folder Name="/tests/">
    <Project Path="tests/VietAisHsk.Api.Tests/VietAisHsk.Api.Tests.csproj" />
  </Folder>
</Solution>
